// !$*UTF8*$!
{
	archiveVersion = 1;
	classes = {
	};
	objectVersion = 56;
	objects = {

/* Begin PBXBuildFile section */
		84BDA0892C4FF327002C3A55 /* AppDelegate.swift in Sources */ = {isa = PBXBuildFile; fileRef = 84BDA0882C4FF327002C3A55 /* AppDelegate.swift */; };
		84BDA08B2C4FF327002C3A55 /* SceneDelegate.swift in Sources */ = {isa = PBXBuildFile; fileRef = 84BDA08A2C4FF327002C3A55 /* SceneDelegate.swift */; };
		84BDA08D2C4FF327002C3A55 /* ViewController.swift in Sources */ = {isa = PBXBuildFile; fileRef = 84BDA08C2C4FF327002C3A55 /* ViewController.swift */; };
		84BDA0902C4FF327002C3A55 /* Main.storyboard in Resources */ = {isa = PBXBuildFile; fileRef = 84BDA08E2C4FF327002C3A55 /* Main.storyboard */; };
		84BDA0932C4FF327002C3A55 /* week11.xcdatamodeld in Sources */ = {isa = PBXBuildFile; fileRef = 84BDA0912C4FF327002C3A55 /* week11.xcdatamodeld */; };
		84BDA0952C4FF328002C3A55 /* Assets.xcassets in Resources */ = {isa = PBXBuildFile; fileRef = 84BDA0942C4FF328002C3A55 /* Assets.xcassets */; };
		84BDA0982C4FF328002C3A55 /* LaunchScreen.storyboard in Resources */ = {isa = PBXBuildFile; fileRef = 84BDA0962C4FF328002C3A55 /* LaunchScreen.storyboard */; };
		84BDA0A52C4FF5B0002C3A55 /* Person+CoreDataClass.swift in Sources */ = {isa = PBXBuildFile; fileRef = 84BDA0A32C4FF5B0002C3A55 /* Person+CoreDataClass.swift */; };
		84BDA0A62C4FF5B0002C3A55 /* Person+CoreDataProperties.swift in Sources */ = {isa = PBXBuildFile; fileRef = 84BDA0A42C4FF5B0002C3A55 /* Person+CoreDataProperties.swift */; };
		84BDA0A82C4FF65F002C3A55 /* TableViewController.swift in Sources */ = {isa = PBXBuildFile; fileRef = 84BDA0A72C4FF65F002C3A55 /* TableViewController.swift */; };
/* End PBXBuildFile section */

/* Begin PBXFileReference section */
		84BDA0852C4FF326002C3A55 /* week11.app */ = {isa = PBXFileReference; explicitFileType = wrapper.application; includeInIndex = 0; path = week11.app; sourceTree = BUILT_PRODUCTS_DIR; };
		84BDA0882C4FF327002C3A55 /* AppDelegate.swift */ = {isa = PBXFileReference; lastKnownFileType = sourcecode.swift; path = AppDelegate.swift; sourceTree = "<group>"; };
		84BDA08A2C4FF327002C3A55 /* SceneDelegate.swift */ = {isa = PBXFileReference; lastKnownFileType = sourcecode.swift; path = SceneDelegate.swift; sourceTree = "<group>"; };
		84BDA08C2C4FF327002C3A55 /* ViewController.swift */ = {isa = PBXFileReference; lastKnownFileType = sourcecode.swift; path = ViewController.swift; sourceTree = "<group>"; };
		84BDA08F2C4FF327002C3A55 /* Base */ = {isa = PBXFileReference; lastKnownFileType = file.storyboard; name = Base; path = Base.lproj/Main.storyboard; sourceTree = "<group>"; };
		84BDA0922C4FF327002C3A55 /* week11.xcdatamodel */ = {isa = PBXFileReference; lastKnownFileType = wrapper.xcdatamodel; path = week11.xcdatamodel; sourceTree = "<group>"; };
		84BDA0942C4FF328002C3A55 /* Assets.xcassets */ = {isa = PBXFileReference; lastKnownFileType = folder.assetcatalog; path = Assets.xcassets; sourceTree = "<group>"; };
		84BDA0972C4FF328002C3A55 /* Base */ = {isa = PBXFileReference; lastKnownFileType = file.storyboard; name = Base; path = Base.lproj/LaunchScreen.storyboard; sourceTree = "<group>"; };
		84BDA0992C4FF328002C3A55 /* Info.plist */ = {isa = PBXFileReference; lastKnownFileType = text.plist.xml; path = Info.plist; sourceTree = "<group>"; };
		84BDA0A32C4FF5B0002C3A55 /* Person+CoreDataClass.swift */ = {isa = PBXFileReference; lastKnownFileType = sourcecode.swift; path = "Person+CoreDataClass.swift"; sourceTree = "<group>"; };
		84BDA0A42C4FF5B0002C3A55 /* Person+CoreDataProperties.swift */ = {isa = PBXFileReference; lastKnownFileType = sourcecode.swift; path = "Person+CoreDataProperties.swift"; sourceTree = "<group>"; };
		84BDA0A72C4FF65F002C3A55 /* TableViewController.swift */ = {isa = PBXFileReference; lastKnownFileType = sourcecode.swift; path = TableViewController.swift; sourceTree = "<group>"; };
/* End PBXFileReference section */

/* Begin PBXFrameworksBuildPhase section */
		84BDA0822C4FF326002C3A55 /* Frameworks */ = {
			isa = PBXFrameworksBuildPhase;
			buildActionMask = 2147483647;
			files = (
			);
			runOnlyForDeploymentPostprocessing = 0;
		};
/* End PBXFrameworksBuildPhase section */

/* Begin PBXGroup section */
		84BDA07C2C4FF326002C3A55 = {
			isa = PBXGroup;
			children = (
				84BDA0A32C4FF5B0002C3A55 /* Person+CoreDataClass.swift */,
				84BDA0A42C4FF5B0002C3A55 /* Person+CoreDataProperties.swift */,
				84BDA0872C4FF326002C3A55 /* week11 */,
				84BDA0862C4FF326002C3A55 /* Products */,
			);
			sourceTree = "<group>";
		};
		84BDA0862C4FF326002C3A55 /* Products */ = {
			isa = PBXGroup;
			children = (
				84BDA0852C4FF326002C3A55 /* week11.app */,
			);
			name = Products;
			sourceTree = "<group>";
		};
		84BDA0872C4FF326002C3A55 /* week11 */ = {
			isa = PBXGroup;
			children = (
				84BDA0882C4FF327002C3A55 /* AppDelegate.swift */,
				84BDA08A2C4FF327002C3A55 /* SceneDelegate.swift */,
				84BDA08C2C4FF327002C3A55 /* ViewController.swift */,
				84BDA08E2C4FF327002C3A55 /* Main.storyboard */,
				84BDA0A72C4FF65F002C3A55 /* TableViewController.swift */,
				84BDA0942C4FF328002C3A55 /* Assets.xcassets */,
				84BDA0962C4FF328002C3A55 /* LaunchScreen.storyboard */,
				84BDA0992C4FF328002C3A55 /* Info.plist */,
				84BDA0912C4FF327002C3A55 /* week11.xcdatamodeld */,
			);
			path = week11;
			sourceTree = "<group>";
		};
/* End PBXGroup section */

/* Begin PBXNativeTarget section */
		84BDA0842C4FF326002C3A55 /* week11 */ = {
			isa = PBXNativeTarget;
			buildConfigurationList = 84BDA09C2C4FF328002C3A55 /* Build configuration list for PBXNativeTarget "week11" */;
			buildPhases = (
				84BDA0812C4FF326002C3A55 /* Sources */,
				84BDA0822C4FF326002C3A55 /* Frameworks */,
				84BDA0832C4FF326002C3A55 /* Resources */,
			);
			buildRules = (
			);
			dependencies = (
			);
			name = week11;
			productName = week11;
			productReference = 84BDA0852C4FF326002C3A55 /* week11.app */;
			productType = "com.apple.product-type.application";
		};
/* End PBXNativeTarget section */

/* Begin PBXProject section */
		84BDA07D2C4FF326002C3A55 /* Project object */ = {
			isa = PBXProject;
			attributes = {
				BuildIndependentTargetsInParallel = 1;
				LastSwiftUpdateCheck = 1430;
				LastUpgradeCheck = 1430;
				TargetAttributes = {
					84BDA0842C4FF326002C3A55 = {
						CreatedOnToolsVersion = 14.3.1;
					};
				};
			};
			buildConfigurationList = 84BDA0802C4FF326002C3A55 /* Build configuration list for PBXProject "week11" */;
			compatibilityVersion = "Xcode 14.0";
			developmentRegion = en;
			hasScannedForEncodings = 0;
			knownRegions = (
				en,
				Base,
			);
			mainGroup = 84BDA07C2C4FF326002C3A55;
			productRefGroup = 84BDA0862C4FF326002C3A55 /* Products */;
			projectDirPath = "";
			projectRoot = "";
			targets = (
				84BDA0842C4FF326002C3A55 /* week11 */,
			);
		};
/* End PBXProject section */

/* Begin PBXResourcesBuildPhase section */
		84BDA0832C4FF326002C3A55 /* Resources */ = {
			isa = PBXResourcesBuildPhase;
			buildActionMask = 2147483647;
			files = (
				84BDA0982C4FF328002C3A55 /* LaunchScreen.storyboard in Resources */,
				84BDA0952C4FF328002C3A55 /* Assets.xcassets in Resources */,
				84BDA0902C4FF327002C3A55 /* Main.storyboard in Resources */,
			);
			runOnlyForDeploymentPostprocessing = 0;
		};
/* End PBXResourcesBuildPhase section */

/* Begin PBXSourcesBuildPhase section */
		84BDA0812C4FF326002C3A55 /* Sources */ = {
			isa = PBXSourcesBuildPhase;
			buildActionMask = 2147483647;
			files = (
				84BDA08D2C4FF327002C3A55 /* ViewController.swift in Sources */,
				84BDA0A82C4FF65F002C3A55 /* TableViewController.swift in Sources */,
				84BDA0932C4FF327002C3A55 /* week11.xcdatamodeld in Sources */,
				84BDA0A62C4FF5B0002C3A55 /* Person+CoreDataProperties.swift in Sources */,
				84BDA0A52C4FF5B0002C3A55 /* Person+CoreDataClass.swift in Sources */,
				84BDA0892C4FF327002C3A55 /* AppDelegate.swift in Sources */,
				84BDA08B2C4FF327002C3A55 /* SceneDelegate.swift in Sources */,
			);
			runOnlyForDeploymentPostprocessing = 0;
		};
/* End PBXSourcesBuildPhase section */

/* Begin PBXVariantGroup section */
		84BDA08E2C4FF327002C3A55 /* Main.storyboard */ = {
			isa = PBXVariantGroup;
			children = (
				84BDA08F2C4FF327002C3A55 /* Base */,
			);
			name = Main.storyboard;
			sourceTree = "<group>";
		};
		84BDA0962C4FF328002C3A55 /* LaunchScreen.storyboard */ = {
			isa = PBXVariantGroup;
			children = (
				84BDA0972C4FF328002C3A55 /* Base */,
			);
			name = LaunchScreen.storyboard;
			sourceTree = "<group>";
		};
/* End PBXVariantGroup section */

/* Begin XCBuildConfiguration section */
		84BDA09A2C4FF328002C3A55 /* Debug */ = {
			isa = XCBuildConfiguration;
			buildSettings = {
				ALWAYS_SEARCH_USER_PATHS = NO;
				CLANG_ANALYZER_NONNULL = YES;
				CLANG_ANALYZER_NUMBER_OBJECT_CONVERSION = YES_AGGRESSIVE;
				CLANG_CXX_LANGUAGE_STANDARD = "gnu++20";
				CLANG_ENABLE_MODULES = YES;
				CLANG_ENABLE_OBJC_ARC = YES;
				CLANG_ENABLE_OBJC_WEAK = YES;
				CLANG_WARN_BLOCK_CAPTURE_AUTORELEASING = YES;
				CLANG_WARN_BOOL_CONVERSION = YES;
				CLANG_WARN_COMMA = YES;
				CLANG_WARN_CONSTANT_CONVERSION = YES;
				CLANG_WARN_DEPRECATED_OBJC_IMPLEMENTATIONS = YES;
				CLANG_WARN_DIRECT_OBJC_ISA_USAGE = YES_ERROR;
				CLANG_WARN_DOCUMENTATION_COMMENTS = YES;
				CLANG_WARN_EMPTY_BODY = YES;
				CLANG_WARN_ENUM_CONVERSION = YES;
				CLANG_WARN_INFINITE_RECURSION = YES;
				CLANG_WARN_INT_CONVERSION = YES;
				CLANG_WARN_NON_LITERAL_NULL_CONVERSION = YES;
				CLANG_WARN_OBJC_IMPLICIT_RETAIN_SELF = YES;
				CLANG_WARN_OBJC_LITERAL_CONVERSION = YES;
				CLANG_WARN_OBJC_ROOT_CLASS = YES_ERROR;
				CLANG_WARN_QUOTED_INCLUDE_IN_FRAMEWORK_HEADER = YES;
				CLANG_WARN_RANGE_LOOP_ANALYSIS = YES;
				CLANG_WARN_STRICT_PROTOTYPES = YES;
				CLANG_WARN_SUSPICIOUS_MOVE = YES;
				CLANG_WARN_UNGUARDED_AVAILABILITY = YES_AGGRESSIVE;
				CLANG_WARN_UNREACHABLE_CODE = YES;
				CLANG_WARN__DUPLICATE_METHOD_MATCH = YES;
				COPY_PHASE_STRIP = NO;
				DEBUG_INFORMATION_FORMAT = dwarf;
				ENABLE_STRICT_OBJC_MSGSEND = YES;
				ENABLE_TESTABILITY = YES;
				GCC_C_LANGUAGE_STANDARD = gnu11;
				GCC_DYNAMIC_NO_PIC = NO;
				GCC_NO_COMMON_BLOCKS = YES;
				GCC_OPTIMIZATION_LEVEL = 0;
				GCC_PREPROCESSOR_DEFINITIONS = (
					"DEBUG=1",
					"$(inherited)",
				);
				GCC_WARN_64_TO_32_BIT_CONVERSION = YES;
				GCC_WARN_ABOUT_RETURN_TYPE = YES_ERROR;
				GCC_WARN_UNDECLARED_SELECTOR = YES;
				GCC_WARN_UNINITIALIZED_AUTOS = YES_AGGRESSIVE;
				GCC_WARN_UNUSED_FUNCTION = YES;
				GCC_WARN_UNUSED_VARIABLE = YES;
				IPHONEOS_DEPLOYMENT_TARGET = 16.4;
				MTL_ENABLE_DEBUG_INFO = INCLUDE_SOURCE;
				MTL_FAST_MATH = YES;
				ONLY_ACTIVE_ARCH = YES;
				SDKROOT = iphoneos;
				SWIFT_ACTIVE_COMPILATION_CONDITIONS = DEBUG;
				SWIFT_OPTIMIZATION_LEVEL = "-Onone";
			};
			name = Debug;
		};
		84BDA09B2C4FF328002C3A55 /* Release */ = {
			isa = XCBuildConfiguration;
			buildSettings = {
				ALWAYS_SEARCH_USER_PATHS = NO;
				CLANG_ANALYZER_NONNULL = YES;
				CLANG_ANALYZER_NUMBER_OBJECT_CONVERSION = YES_AGGRESSIVE;
				CLANG_CXX_LANGUAGE_STANDARD = "gnu++20";
				CLANG_ENABLE_MODULES = YES;
				CLANG_ENABLE_OBJC_ARC = YES;
				CLANG_ENABLE_OBJC_WEAK = YES;
				CLANG_WARN_BLOCK_CAPTURE_AUTORELEASING = YES;
				CLANG_WARN_BOOL_CONVERSION = YES;
				CLANG_WARN_COMMA = YES;
				CLANG_WARN_CONSTANT_CONVERSION = YES;
				CLANG_WARN_DEPRECATED_OBJC_IMPLEMENTATIONS = YES;
				CLANG_WARN_DIRECT_OBJC_ISA_USAGE = YES_ERROR;
				CLANG_WARN_DOCUMENTATION_COMMENTS = YES;
				CLANG_WARN_EMPTY_BODY = YES;
				CLANG_WARN_ENUM_CONVERSION = YES;
				CLANG_WARN_INFINITE_RECURSION = YES;
				CLANG_WARN_INT_CONVERSION = YES;
				CLANG_WARN_NON_LITERAL_NULL_CONVERSION = YES;
				CLANG_WARN_OBJC_IMPLICIT_RETAIN_SELF = YES;
				CLANG_WARN_OBJC_LITERAL_CONVERSION = YES;
				CLANG_WARN_OBJC_ROOT_CLASS = YES_ERROR;
				CLANG_WARN_QUOTED_INCLUDE_IN_FRAMEWORK_HEADER = YES;
				CLANG_WARN_RANGE_LOOP_ANALYSIS = YES;
				CLANG_WARN_STRICT_PROTOTYPES = YES;
				CLANG_WARN_SUSPICIOUS_MOVE = YES;
				CLANG_WARN_UNGUARDED_AVAILABILITY = YES_AGGRESSIVE;
				CLANG_WARN_UNREACHABLE_CODE = YES;
				CLANG_WARN__DUPLICATE_METHOD_MATCH = YES;
				COPY_PHASE_STRIP = NO;
				DEBUG_INFORMATION_FORMAT = "dwarf-with-dsym";
				ENABLE_NS_ASSERTIONS = NO;
				ENABLE_STRICT_OBJC_MSGSEND = YES;
				GCC_C_LANGUAGE_STANDARD = gnu11;
				GCC_NO_COMMON_BLOCKS = YES;
				GCC_WARN_64_TO_32_BIT_CONVERSION = YES;
				GCC_WARN_ABOUT_RETURN_TYPE = YES_ERROR;
				GCC_WARN_UNDECLARED_SELECTOR = YES;
				GCC_WARN_UNINITIALIZED_AUTOS = YES_AGGRESSIVE;
				GCC_WARN_UNUSED_FUNCTION = YES;
				GCC_WARN_UNUSED_VARIABLE = YES;
				IPHONEOS_DEPLOYMENT_TARGET = 16.4;
				MTL_ENABLE_DEBUG_INFO = NO;
				MTL_FAST_MATH = YES;
				SDKROOT = iphoneos;
				SWIFT_COMPILATION_MODE = wholemodule;
				SWIFT_OPTIMIZATION_LEVEL = "-O";
				VALIDATE_PRODUCT = YES;
			};
			name = Release;
		};
		84BDA09D2C4FF328002C3A55 /* Debug */ = {
			isa = XCBuildConfiguration;
			buildSettings = {
				ASSETCATALOG_COMPILER_APPICON_NAME = AppIcon;
				ASSETCATALOG_COMPILER_GLOBAL_ACCENT_COLOR_NAME = AccentColor;
				CODE_SIGN_STYLE = Automatic;
				CURRENT_PROJECT_VERSION = 1;
				GENERATE_INFOPLIST_FILE = YES;
				INFOPLIST_FILE = week11/Info.plist;
				INFOPLIST_KEY_UIApplicationSupportsIndirectInputEvents = YES;
				INFOPLIST_KEY_UILaunchStoryboardName = LaunchScreen;
				INFOPLIST_KEY_UIMainStoryboardFile = Main;
				INFOPLIST_KEY_UISupportedInterfaceOrientations_iPad = "UIInterfaceOrientationPortrait UIInterfaceOrientationPortraitUpsideDown UIInterfaceOrientationLandscapeLeft UIInterfaceOrientationLandscapeRight";
				INFOPLIST_KEY_UISupportedInterfaceOrientations_iPhone = "UIInterfaceOrientationPortrait UIInterfaceOrientationLandscapeLeft UIInterfaceOrientationLandscapeRight";
				LD_RUNPATH_SEARCH_PATHS = (
					"$(inherited)",
					"@executable_path/Frameworks",
				);
				MARKETING_VERSION = 1.0;
				PRODUCT_BUNDLE_IDENTIFIER = Conestoga.week11;
				PRODUCT_NAME = "$(TARGET_NAME)";
				SWIFT_EMIT_LOC_STRINGS = YES;
				SWIFT_VERSION = 5.0;
				TARGETED_DEVICE_FAMILY = "1,2";
			};
			name = Debug;
		};
		84BDA09E2C4FF328002C3A55 /* Release */ = {
			isa = XCBuildConfiguration;
			buildSettings = {
				ASSETCATALOG_COMPILER_APPICON_NAME = AppIcon;
				ASSETCATALOG_COMPILER_GLOBAL_ACCENT_COLOR_NAME = AccentColor;
				CODE_SIGN_STYLE = Automatic;
				CURRENT_PROJECT_VERSION = 1;
				GENERATE_INFOPLIST_FILE = YES;
				INFOPLIST_FILE = week11/Info.plist;
				INFOPLIST_KEY_UIApplicationSupportsIndirectInputEvents = YES;
				INFOPLIST_KEY_UILaunchStoryboardName = LaunchScreen;
				INFOPLIST_KEY_UIMainStoryboardFile = Main;
				INFOPLIST_KEY_UISupportedInterfaceOrientations_iPad = "UIInterfaceOrientationPortrait UIInterfaceOrientationPortraitUpsideDown UIInterfaceOrientationLandscapeLeft UIInterfaceOrientationLandscapeRight";
				INFOPLIST_KEY_UISupportedInterfaceOrientations_iPhone = "UIInterfaceOrientationPortrait UIInterfaceOrientationLandscapeLeft UIInterfaceOrientationLandscapeRight";
				LD_RUNPATH_SEARCH_PATHS = (
					"$(inherited)",
					"@executable_path/Frameworks",
				);
				MARKETING_VERSION = 1.0;
				PRODUCT_BUNDLE_IDENTIFIER = Conestoga.week11;
				PRODUCT_NAME = "$(TARGET_NAME)";
				SWIFT_EMIT_LOC_STRINGS = YES;
				SWIFT_VERSION = 5.0;
				TARGETED_DEVICE_FAMILY = "1,2";
			};
			name = Release;
		};
/* End XCBuildConfiguration section */

/* Begin XCConfigurationList section */
		84BDA0802C4FF326002C3A55 /* Build configuration list for PBXProject "week11" */ = {
			isa = XCConfigurationList;
			buildConfigurations = (
				84BDA09A2C4FF328002C3A55 /* Debug */,
				84BDA09B2C4FF328002C3A55 /* Release */,
			);
			defaultConfigurationIsVisible = 0;
			defaultConfigurationName = Release;
		};
		84BDA09C2C4FF328002C3A55 /* Build configuration list for PBXNativeTarget "week11" */ = {
			isa = XCConfigurationList;
			buildConfigurations = (
				84BDA09D2C4FF328002C3A55 /* Debug */,
				84BDA09E2C4FF328002C3A55 /* Release */,
			);
			defaultConfigurationIsVisible = 0;
			defaultConfigurationName = Release;
		};
/* End XCConfigurationList section */

/* Begin XCVersionGroup section */
		84BDA0912C4FF327002C3A55 /* week11.xcdatamodeld */ = {
			isa = XCVersionGroup;
			children = (
				84BDA0922C4FF327002C3A55 /* week11.xcdatamodel */,
			);
			currentVersion = 84BDA0922C4FF327002C3A55 /* week11.xcdatamodel */;
			path = week11.xcdatamodeld;
			sourceTree = "<group>";
			versionGroupType = wrapper.xcdatamodel;
		};
/* End XCVersionGroup section */
	};
	rootObject = 84BDA07D2C4FF326002C3A55 /* Project object */;
}
